
Microsoft Visual Studio Solution File, Format Version 12.00
# Visual Studio 15
VisualStudioVersion = 15.0.27703.2000
MinimumVisualStudioVersion = 10.0.40219.1
Project("{9A19103F-16F7-4668-BE54-9A1E7A4F7556}") = "SigStat.Cli", "src\SigStat.Cli\SigStat.Cli.csproj", "{A7C9E009-12E3-4148-92CE-70136B7BCCE3}"
EndProject
Project("{9A19103F-16F7-4668-BE54-9A1E7A4F7556}") = "SigStat.Common", "src\SigStat.Common\SigStat.Common.csproj", "{95CD8669-5C94-4D5C-980B-BE7C68DDA6DB}"
EndProject
Project("{9A19103F-16F7-4668-BE54-9A1E7A4F7556}") = "SigStat.Sample", "src\SigStat.Sample\SigStat.Sample.csproj", "{3AEA1631-8B9F-475E-860F-97F35E74EB6E}"
EndProject
Project("{2150E333-8FDC-42A3-9474-1A3956D46DE8}") = "SolutionItems", "SolutionItems", "{BF92BBE5-239C-4E06-931A-3E500A675C03}"
	ProjectSection(SolutionItems) = preProject
		appveyor.yml = appveyor.yml
		LICENSE.md = LICENSE.md
		README.md = README.md
	EndProjectSection
EndProject
Project("{FAE04EC0-301F-11D3-BF4B-00C04F79EFBC}") = "SigStat.WpfSample", "src\SigStat.WpfSample\SigStat.WpfSample.csproj", "{6B99105D-B34E-4E83-918C-F85F44595EA1}"
EndProject
Project("{FAE04EC0-301F-11D3-BF4B-00C04F79EFBC}") = "SigStat.Common.Test", "test\SigStat.Common.Test\SigStat.Common.Test.csproj", "{1EEAA23C-5880-4DEC-9072-0F3BF1E06DBF}"
EndProject
Global
	GlobalSection(SolutionConfigurationPlatforms) = preSolution
		Debug|Any CPU = Debug|Any CPU
		Release|Any CPU = Release|Any CPU
	EndGlobalSection
	GlobalSection(ProjectConfigurationPlatforms) = postSolution
		{A7C9E009-12E3-4148-92CE-70136B7BCCE3}.Debug|Any CPU.ActiveCfg = Debug|Any CPU
		{A7C9E009-12E3-4148-92CE-70136B7BCCE3}.Debug|Any CPU.Build.0 = Debug|Any CPU
		{A7C9E009-12E3-4148-92CE-70136B7BCCE3}.Release|Any CPU.ActiveCfg = Release|Any CPU
		{A7C9E009-12E3-4148-92CE-70136B7BCCE3}.Release|Any CPU.Build.0 = Release|Any CPU
		{95CD8669-5C94-4D5C-980B-BE7C68DDA6DB}.Debug|Any CPU.ActiveCfg = Debug|Any CPU
		{95CD8669-5C94-4D5C-980B-BE7C68DDA6DB}.Debug|Any CPU.Build.0 = Debug|Any CPU
		{95CD8669-5C94-4D5C-980B-BE7C68DDA6DB}.Release|Any CPU.ActiveCfg = Release|Any CPU
		{95CD8669-5C94-4D5C-980B-BE7C68DDA6DB}.Release|Any CPU.Build.0 = Release|Any CPU
		{3AEA1631-8B9F-475E-860F-97F35E74EB6E}.Debug|Any CPU.ActiveCfg = Debug|Any CPU
		{3AEA1631-8B9F-475E-860F-97F35E74EB6E}.Debug|Any CPU.Build.0 = Debug|Any CPU
		{3AEA1631-8B9F-475E-860F-97F35E74EB6E}.Release|Any CPU.ActiveCfg = Release|Any CPU
		{3AEA1631-8B9F-475E-860F-97F35E74EB6E}.Release|Any CPU.Build.0 = Release|Any CPU
		{6B99105D-B34E-4E83-918C-F85F44595EA1}.Debug|Any CPU.ActiveCfg = Debug|Any CPU
		{6B99105D-B34E-4E83-918C-F85F44595EA1}.Debug|Any CPU.Build.0 = Debug|Any CPU
		{6B99105D-B34E-4E83-918C-F85F44595EA1}.Release|Any CPU.ActiveCfg = Release|Any CPU
		{6B99105D-B34E-4E83-918C-F85F44595EA1}.Release|Any CPU.Build.0 = Release|Any CPU
		{1EEAA23C-5880-4DEC-9072-0F3BF1E06DBF}.Debug|Any CPU.ActiveCfg = Debug|Any CPU
		{1EEAA23C-5880-4DEC-9072-0F3BF1E06DBF}.Debug|Any CPU.Build.0 = Debug|Any CPU
		{1EEAA23C-5880-4DEC-9072-0F3BF1E06DBF}.Release|Any CPU.ActiveCfg = Release|Any CPU
		{1EEAA23C-5880-4DEC-9072-0F3BF1E06DBF}.Release|Any CPU.Build.0 = Release|Any CPU
	EndGlobalSection
	GlobalSection(SolutionProperties) = preSolution
		HideSolutionNode = FALSE
	EndGlobalSection
	GlobalSection(ExtensibilityGlobals) = postSolution
		SolutionGuid = {3BF01C8B-C0A1-479A-8D7B-DC3340698B62}
	EndGlobalSection
EndGlobal
